
Microsoft Visual Studio Solution File, Format Version 12.00
# Visual Studio 15
VisualStudioVersion = 15.0.27004.2009
MinimumVisualStudioVersion = 10.0.40219.1
Project("{FAE04EC0-301F-11D3-BF4B-00C04F79EFBC}") = "ZUIDays", "ZUIDays\ZUIDays.csproj", "{C0603EFA-FA48-4911-9DFE-4565A6BF7786}"
EndProject
Global
	GlobalSection(SolutionConfigurationPlatforms) = preSolution
		Debug|Any CPU = Debug|Any CPU
		Release|Any CPU = Release|Any CPU
	EndGlobalSection
	GlobalSection(ProjectConfigurationPlatforms) = postSolution
		{C0603EFA-FA48-4911-9DFE-4565A6BF7786}.Debug|Any CPU.ActiveCfg = Debug|Any CPU
		{C0603EFA-FA48-4911-9DFE-4565A6BF7786}.Debug|Any CPU.Build.0 = Debug|Any CPU
		{C0603EFA-FA48-4911-9DFE-4565A6BF7786}.Release|Any CPU.ActiveCfg = Release|Any CPU
		{C0603EFA-FA48-4911-9DFE-4565A6BF7786}.Release|Any CPU.Build.0 = Release|Any CPU
	EndGlobalSection
	GlobalSection(SolutionProperties) = preSolution
		HideSolutionNode = FALSE
	EndGlobalSection
	GlobalSection(ExtensibilityGlobals) = postSolution
		SolutionGuid = {CB940B6D-AEB8-45A0-86A4-7C5EA216F764}
	EndGlobalSection
EndGlobal
